
Microsoft Visual Studio Solution File, Format Version 11.00
# Visual Studio 2010
Project("{E24C65DC-7377-472B-9ABA-BC803B73C61A}") = "DirayaExpress", "..\..\WebSites\DirayaExpress\", "{5C1EE276-BB07-46B6-BB3A-8CE463D11EEF}"
	ProjectSection(WebsiteProperties) = preProject
		TargetFrameworkMoniker = ".NETFramework,Version%3Dv4.0"
		Debug.AspNetCompiler.VirtualPath = "/DirayaExpress"
		Debug.AspNetCompiler.PhysicalPath = "..\..\WebSites\DirayaExpress\"
		Debug.AspNetCompiler.TargetPath = "PrecompiledWeb\DirayaExpress\"
		Debug.AspNetCompiler.Updateable = "true"
		Debug.AspNetCompiler.ForceOverwrite = "true"
		Debug.AspNetCompiler.FixedNames = "false"
		Debug.AspNetCompiler.Debug = "True"
		Release.AspNetCompiler.VirtualPath = "/DirayaExpress"
		Release.AspNetCompiler.PhysicalPath = "..\..\WebSites\DirayaExpress\"
		Release.AspNetCompiler.TargetPath = "PrecompiledWeb\DirayaExpress\"
		Release.AspNetCompiler.Updateable = "true"
		Release.AspNetCompiler.ForceOverwrite = "true"
		Release.AspNetCompiler.FixedNames = "false"
		Release.AspNetCompiler.Debug = "False"
		VWDPort = "1620"
		DefaultWebSiteLanguage = "Visual C#"
	EndProjectSection
EndProject
Global
	GlobalSection(SolutionConfigurationPlatforms) = preSolution
		Debug|Any CPU = Debug|Any CPU
	EndGlobalSection
	GlobalSection(ProjectConfigurationPlatforms) = postSolution
		{5C1EE276-BB07-46B6-BB3A-8CE463D11EEF}.Debug|Any CPU.ActiveCfg = Debug|Any CPU
		{5C1EE276-BB07-46B6-BB3A-8CE463D11EEF}.Debug|Any CPU.Build.0 = Debug|Any CPU
	EndGlobalSection
	GlobalSection(SolutionProperties) = preSolution
		HideSolutionNode = FALSE
	EndGlobalSection
EndGlobal
